
Microsoft Visual Studio Solution File, Format Version 12.00
# Visual Studio Version 16
VisualStudioVersion = 16.0.30907.101
MinimumVisualStudioVersion = 10.0.40219.1
Project("{FAE04EC0-301F-11D3-BF4B-00C04F79EFBC}") = "lab_tutorial_2_1_and 2_2_Stevenson", "lab_tutorial_2_1_and 2_2_Stevenson.csproj", "{CE837051-1E6C-4ADB-96F7-EE84794B165F}"
EndProject
Global
	GlobalSection(SolutionConfigurationPlatforms) = preSolution
		Debug|Any CPU = Debug|Any CPU
		Release|Any CPU = Release|Any CPU
	EndGlobalSection
	GlobalSection(ProjectConfigurationPlatforms) = postSolution
		{CE837051-1E6C-4ADB-96F7-EE84794B165F}.Debug|Any CPU.ActiveCfg = Debug|Any CPU
		{CE837051-1E6C-4ADB-96F7-EE84794B165F}.Debug|Any CPU.Build.0 = Debug|Any CPU
		{CE837051-1E6C-4ADB-96F7-EE84794B165F}.Release|Any CPU.ActiveCfg = Release|Any CPU
		{CE837051-1E6C-4ADB-96F7-EE84794B165F}.Release|Any CPU.Build.0 = Release|Any CPU
	EndGlobalSection
	GlobalSection(SolutionProperties) = preSolution
		HideSolutionNode = FALSE
	EndGlobalSection
	GlobalSection(ExtensibilityGlobals) = postSolution
		SolutionGuid = {DD656F0A-4638-4FED-8C34-2257FA2AC2BB}
	EndGlobalSection
EndGlobal
