
Microsoft Visual Studio Solution File, Format Version 12.00
# Visual Studio Version 16
VisualStudioVersion = 16.0.29201.188
MinimumVisualStudioVersion = 10.0.40219.1
Project("{FAE04EC0-301F-11D3-BF4B-00C04F79EFBC}") = "lab_2_2_5_Stevenson", "lab_2_2_5_Stevenson\lab_2_2_5_Stevenson.csproj", "{9C7BD270-F7B2-4F6F-87EE-DF36176F03D5}"
EndProject
Global
	GlobalSection(SolutionConfigurationPlatforms) = preSolution
		Debug|Any CPU = Debug|Any CPU
		Release|Any CPU = Release|Any CPU
	EndGlobalSection
	GlobalSection(ProjectConfigurationPlatforms) = postSolution
		{9C7BD270-F7B2-4F6F-87EE-DF36176F03D5}.Debug|Any CPU.ActiveCfg = Debug|Any CPU
		{9C7BD270-F7B2-4F6F-87EE-DF36176F03D5}.Debug|Any CPU.Build.0 = Debug|Any CPU
		{9C7BD270-F7B2-4F6F-87EE-DF36176F03D5}.Release|Any CPU.ActiveCfg = Release|Any CPU
		{9C7BD270-F7B2-4F6F-87EE-DF36176F03D5}.Release|Any CPU.Build.0 = Release|Any CPU
	EndGlobalSection
	GlobalSection(SolutionProperties) = preSolution
		HideSolutionNode = FALSE
	EndGlobalSection
	GlobalSection(ExtensibilityGlobals) = postSolution
		SolutionGuid = {F310FDFA-16B1-44A4-869C-5A61A0020BA5}
	EndGlobalSection
EndGlobal
