
Microsoft Visual Studio Solution File, Format Version 12.00
# Visual Studio Version 16
VisualStudioVersion = 16.0.31624.102
MinimumVisualStudioVersion = 10.0.40219.1
Project("{FAE04EC0-301F-11D3-BF4B-00C04F79EFBC}") = "Tutorial4_3_Stevenson", "Tutorial4_3_Stevenson.csproj", "{3D3A045B-FC69-4372-BF47-EF63FA547F32}"
EndProject
Global
	GlobalSection(SolutionConfigurationPlatforms) = preSolution
		Debug|Any CPU = Debug|Any CPU
		Release|Any CPU = Release|Any CPU
	EndGlobalSection
	GlobalSection(ProjectConfigurationPlatforms) = postSolution
		{3D3A045B-FC69-4372-BF47-EF63FA547F32}.Debug|Any CPU.ActiveCfg = Debug|Any CPU
		{3D3A045B-FC69-4372-BF47-EF63FA547F32}.Debug|Any CPU.Build.0 = Debug|Any CPU
		{3D3A045B-FC69-4372-BF47-EF63FA547F32}.Release|Any CPU.ActiveCfg = Release|Any CPU
		{3D3A045B-FC69-4372-BF47-EF63FA547F32}.Release|Any CPU.Build.0 = Release|Any CPU
	EndGlobalSection
	GlobalSection(SolutionProperties) = preSolution
		HideSolutionNode = FALSE
	EndGlobalSection
	GlobalSection(ExtensibilityGlobals) = postSolution
		SolutionGuid = {730D5D18-9CC2-4D69-A799-C9F49A315CB2}
	EndGlobalSection
EndGlobal
