
Microsoft Visual Studio Solution File, Format Version 12.00
# Visual Studio 15
VisualStudioVersion = 15.0.28307.960
MinimumVisualStudioVersion = 10.0.40219.1
Project("{FAE04EC0-301F-11D3-BF4B-00C04F79EFBC}") = "Test_1", "WindowsFormsApp1\Test_1.csproj", "{2262ED23-1B86-451C-B330-E59BECC8B522}"
EndProject
Global
	GlobalSection(SolutionConfigurationPlatforms) = preSolution
		Debug|Any CPU = Debug|Any CPU
		Release|Any CPU = Release|Any CPU
	EndGlobalSection
	GlobalSection(ProjectConfigurationPlatforms) = postSolution
		{2262ED23-1B86-451C-B330-E59BECC8B522}.Debug|Any CPU.ActiveCfg = Debug|Any CPU
		{2262ED23-1B86-451C-B330-E59BECC8B522}.Debug|Any CPU.Build.0 = Debug|Any CPU
		{2262ED23-1B86-451C-B330-E59BECC8B522}.Release|Any CPU.ActiveCfg = Release|Any CPU
		{2262ED23-1B86-451C-B330-E59BECC8B522}.Release|Any CPU.Build.0 = Release|Any CPU
	EndGlobalSection
	GlobalSection(SolutionProperties) = preSolution
		HideSolutionNode = FALSE
	EndGlobalSection
	GlobalSection(ExtensibilityGlobals) = postSolution
		SolutionGuid = {64416F02-1F5A-46DD-9A71-C4E28F9AFB4D}
	EndGlobalSection
EndGlobal
